{
  "lockfile_version": "1",
  "packages": {
    "github:NixOS/nixpkgs/nixpkgs-unstable": {
      "last_modified": "2026-01-26T09:54:05Z",
      "resolved": "github:NixOS/nixpkgs/5b265bda51b42a2a85af0a543c3e57b778b01b7d?lastModified=1769421245&narHash=sha256-m5QLKjpdhbDrhyrUbEm5Haq3lqE5Z6xh2tab5vTHUTo%3D"
    },
    "opentofu@latest": {
      "last_modified": "2026-01-23T17:20:52Z",
      "resolved": "github:NixOS/nixpkgs/a1bab9e494f5f4939442a57a58d0449a109593fe#opentofu",
      "source": "devbox-search",
      "version": "1.11.4",
      "systems": {
        "aarch64-darwin": {
          "outputs": [
            {
              "name": "out",
              "path": "/nix/store/dh4g368b2h3fz41qv35qi202arp9fk56-opentofu-1.11.4",
              "default": true
            }
          ],
          "store_path": "/nix/store/dh4g368b2h3fz41qv35qi202arp9fk56-opentofu-1.11.4"
        },
        "aarch64-linux": {
          "outputs": [
            {
              "name": "out",
              "path": "/nix/store/7iwd0dfplspdbn2xrixxnk7r60hhv1cs-opentofu-1.11.4",
              "default": true
            }
          ],
          "store_path": "/nix/store/7iwd0dfplspdbn2xrixxnk7r60hhv1cs-opentofu-1.11.4"
        },
        "x86_64-darwin": {
          "outputs": [
            {
              "name": "out",
              "path": "/nix/store/bzrrjv7lbabc9kvhmhiihh4il9kxp0y0-opentofu-1.11.4",
              "default": true
            }
          ],
          "store_path": "/nix/store/bzrrjv7lbabc9kvhmhiihh4il9kxp0y0-opentofu-1.11.4"
        },
        "x86_64-linux": {
          "outputs": [
            {
              "name": "out",
              "path": "/nix/store/khly3n8k62bvm8j70lmy7apzsf3g1072-opentofu-1.11.4",
              "default": true
            }
          ],
          "store_path": "/nix/store/khly3n8k62bvm8j70lmy7apzsf3g1072-opentofu-1.11.4"
        }
      }
    },
    "pre-commit@latest": {
      "last_modified": "2026-01-27T15:18:14Z",
      "resolved": "github:NixOS/nixpkgs/afce96367b2e37fc29afb5543573cd49db3357b7#pre-commit",
      "source": "devbox-search",
      "version": "4.5.1",
      "systems": {
        "aarch64-darwin": {
          "outputs": [
            {
              "name": "out",
              "path": "/nix/store/j5pi70fd5x4qjcvdvk2bac03zl9wwims-pre-commit-4.5.1",
              "default": true
            },
            {
              "name": "dist",
              "path": "/nix/store/vcixf2jrwjq8b97aws4l51fliwbb2lfl-pre-commit-4.5.1-dist"
            }
          ],
          "store_path": "/nix/store/j5pi70fd5x4qjcvdvk2bac03zl9wwims-pre-commit-4.5.1"
        },
        "aarch64-linux": {
          "outputs": [
            {
              "name": "out",
              "path": "/nix/store/k9b61qhcmsycb9pj6iswc8i34wjn30lq-pre-commit-4.5.1",
              "default": true
            },
            {
              "name": "dist",
              "path": "/nix/store/mnizha2q7yzl8x6skvsqxb75m3ps5l52-pre-commit-4.5.1-dist"
            }
          ],
          "store_path": "/nix/store/k9b61qhcmsycb9pj6iswc8i34wjn30lq-pre-commit-4.5.1"
        },
        "x86_64-darwin": {
          "outputs": [
            {
              "name": "out",
              "path": "/nix/store/5wfgd7dj6jm45g96ng7byy0wdbahim3d-pre-commit-4.5.1",
              "default": true
            },
            {
              "name": "dist",
              "path": "/nix/store/h5prdxph0gcrxjqqr64kykz1bc3hwmw7-pre-commit-4.5.1-dist"
            }
          ],
          "store_path": "/nix/store/5wfgd7dj6jm45g96ng7byy0wdbahim3d-pre-commit-4.5.1"
        },
        "x86_64-linux": {
          "outputs": [
            {
              "name": "out",
              "path": "/nix/store/m9rrqw4kzly6qqg5m6d6qi2z5a6xvwyk-pre-commit-4.5.1",
              "default": true
            },
            {
              "name": "dist",
              "path": "/nix/store/aiylyj2jy96h2zcafb4sh03n7cma75bd-pre-commit-4.5.1-dist"
            }
          ],
          "store_path": "/nix/store/m9rrqw4kzly6qqg5m6d6qi2z5a6xvwyk-pre-commit-4.5.1"
        }
      }
    },
    "terraform-docs@latest": {
      "last_modified": "2026-02-06T12:24:04Z",
      "resolved": "github:NixOS/nixpkgs/ae67888ff7ef9dff69b3cf0cc0fbfbcd3a722abe#terraform-docs",
      "source": "devbox-search",
      "version": "0.21.0",
      "systems": {
        "aarch64-darwin": {
          "outputs": [
            {
              "name": "out",
              "path": "/nix/store/5gnmnh4qxscb3vi61gvl15c24ll9sj2a-terraform-docs-0.21.0",
              "default": true
            }
          ],
          "store_path": "/nix/store/5gnmnh4qxscb3vi61gvl15c24ll9sj2a-terraform-docs-0.21.0"
        },
        "aarch64-linux": {
          "outputs": [
            {
              "name": "out",
              "path": "/nix/store/v213d54kvqiyk93bi4h9k5lijxnblnmg-terraform-docs-0.21.0",
              "default": true
            }
          ],
          "store_path": "/nix/store/v213d54kvqiyk93bi4h9k5lijxnblnmg-terraform-docs-0.21.0"
        },
        "x86_64-darwin": {
          "outputs": [
            {
              "name": "out",
              "path": "/nix/store/iqr4bxl80148dp1nygcnz6zjz8vnrbki-terraform-docs-0.21.0",
              "default": true
            }
          ],
          "store_path": "/nix/store/iqr4bxl80148dp1nygcnz6zjz8vnrbki-terraform-docs-0.21.0"
        },
        "x86_64-linux": {
          "outputs": [
            {
              "name": "out",
              "path": "/nix/store/pnc2s64627b82pk8w4m2jq14yw76yqb2-terraform-docs-0.21.0",
              "default": true
            }
          ],
          "store_path": "/nix/store/pnc2s64627b82pk8w4m2jq14yw76yqb2-terraform-docs-0.21.0"
        }
      }
    },
    "yq-go@latest": {
      "last_modified": "2026-02-01T22:02:28Z",
      "resolved": "github:NixOS/nixpkgs/eb8d947de7b05897b2b5f4117d184f9c9846cd06#yq-go",
      "source": "devbox-search",
      "version": "4.52.2",
      "systems": {
        "aarch64-darwin": {
          "outputs": [
            {
              "name": "out",
              "path": "/nix/store/wcnjbnjaj7jbkahpnis2r06ri2043iq8-yq-go-4.52.2",
              "default": true
            }
          ],
          "store_path": "/nix/store/wcnjbnjaj7jbkahpnis2r06ri2043iq8-yq-go-4.52.2"
        },
        "aarch64-linux": {
          "outputs": [
            {
              "name": "out",
              "path": "/nix/store/f0sxp48g7wdbxllda43hash7ni76l18r-yq-go-4.52.2",
              "default": true
            }
          ],
          "store_path": "/nix/store/f0sxp48g7wdbxllda43hash7ni76l18r-yq-go-4.52.2"
        },
        "x86_64-darwin": {
          "outputs": [
            {
              "name": "out",
              "path": "/nix/store/wd8img44f5sksvg9ghbrciji2mc62g3r-yq-go-4.52.2",
              "default": true
            }
          ],
          "store_path": "/nix/store/wd8img44f5sksvg9ghbrciji2mc62g3r-yq-go-4.52.2"
        },
        "x86_64-linux": {
          "outputs": [
            {
              "name": "out",
              "path": "/nix/store/npg6jhjyl6nk1zdphd513a7d34689qx7-yq-go-4.52.2",
              "default": true
            }
          ],
          "store_path": "/nix/store/npg6jhjyl6nk1zdphd513a7d34689qx7-yq-go-4.52.2"
        }
      }
    }
  }
}
